Microsoft Visual Studio Solution File, Format Version 11.00
# Visual Studio 2008

Project("{969D522C-170C-6B39-E94C-0315FA60B099}") = "GT Dead Week - Alpha 1", "Assembly-CSharp.csproj", "{30DC7E7A-05CD-D659-2D05-F186152A7AB7}"
EndProject
Project("{969D522C-170C-6B39-E94C-0315FA60B099}") = "GT Dead Week - Alpha 1", "Assembly-UnityScript.unityproj", "{8529C034-4B3D-BC6A-B467-44C7CDEABF9D}"
EndProject
Global
	GlobalSection(SolutionConfigurationPlatforms) = preSolution
		Debug|Any CPU = Debug|Any CPU
		Release|Any CPU = Release|Any CPU
	EndGlobalSection
	GlobalSection(ProjectConfigurationPlatforms) = postSolution
		{30DC7E7A-05CD-D659-2D05-F186152A7AB7}.Debug|Any CPU.ActiveCfg = Debug|Any CPU
		{30DC7E7A-05CD-D659-2D05-F186152A7AB7}.Debug|Any CPU.Build.0 = Debug|Any CPU
		{30DC7E7A-05CD-D659-2D05-F186152A7AB7}.Release|Any CPU.ActiveCfg = Release|Any CPU
		{30DC7E7A-05CD-D659-2D05-F186152A7AB7}.Release|Any CPU.Build.0 = Release|Any CPU
		{8529C034-4B3D-BC6A-B467-44C7CDEABF9D}.Debug|Any CPU.ActiveCfg = Debug|Any CPU
		{8529C034-4B3D-BC6A-B467-44C7CDEABF9D}.Debug|Any CPU.Build.0 = Debug|Any CPU
		{8529C034-4B3D-BC6A-B467-44C7CDEABF9D}.Release|Any CPU.ActiveCfg = Release|Any CPU
		{8529C034-4B3D-BC6A-B467-44C7CDEABF9D}.Release|Any CPU.Build.0 = Release|Any CPU
	EndGlobalSection
	GlobalSection(SolutionProperties) = preSolution
		HideSolutionNode = FALSE
	EndGlobalSection
														GlobalSection(MonoDevelopProperties) = preSolution
		StartupItem = Assembly-CSharp.csproj
		Policies = $0
		$0.TextStylePolicy = $1
		$1.inheritsSet = null
		$1.scope = text/x-csharp
		$0.CSharpFormattingPolicy = $2
		$2.inheritsSet = Mono
		$2.inheritsScope = text/x-csharp
		$2.scope = text/x-csharp
		$0.TextStylePolicy = $3
		$3.FileWidth = 120
		$3.TabWidth = 4
		$3.EolMarker = Unix
		$3.inheritsSet = Mono
		$3.inheritsScope = text/plain
		$3.scope = text/plain
	EndGlobalSection

EndGlobal
