Microsoft Visual Studio Solution File, Format Version 11.00
# Visual Studio 2008

Project("{D6FFB287-166B-B78B-D514-2C71BF73B4B9}") = "GT_DeadWeek_Alpha", "Assembly-CSharp.csproj", "{F7241441-DD5F-69C4-E836-BE9877A9F878}"
EndProject
Project("{D6FFB287-166B-B78B-D514-2C71BF73B4B9}") = "GT_DeadWeek_Alpha", "Assembly-CSharp-Editor.csproj", "{7938D2AC-316D-6222-0B75-A21CE331890C}"
EndProject
Project("{D6FFB287-166B-B78B-D514-2C71BF73B4B9}") = "GT_DeadWeek_Alpha", "Assembly-UnityScript-firstpass.unityproj", "{CF8216EA-8F0F-8106-35F1-C293B7F6A4E6}"
EndProject
Project("{D6FFB287-166B-B78B-D514-2C71BF73B4B9}") = "GT_DeadWeek_Alpha", "Assembly-UnityScript.unityproj", "{1617D479-6FEB-9EC1-F6B2-E9A6DD05765B}"
EndProject
Global
	GlobalSection(SolutionConfigurationPlatforms) = preSolution
		Debug|Any CPU = Debug|Any CPU
		Release|Any CPU = Release|Any CPU
	EndGlobalSection
	GlobalSection(ProjectConfigurationPlatforms) = postSolution
		{F7241441-DD5F-69C4-E836-BE9877A9F878}.Debug|Any CPU.ActiveCfg = Debug|Any CPU
		{F7241441-DD5F-69C4-E836-BE9877A9F878}.Debug|Any CPU.Build.0 = Debug|Any CPU
		{F7241441-DD5F-69C4-E836-BE9877A9F878}.Release|Any CPU.ActiveCfg = Release|Any CPU
		{F7241441-DD5F-69C4-E836-BE9877A9F878}.Release|Any CPU.Build.0 = Release|Any CPU
		{7938D2AC-316D-6222-0B75-A21CE331890C}.Debug|Any CPU.ActiveCfg = Debug|Any CPU
		{7938D2AC-316D-6222-0B75-A21CE331890C}.Debug|Any CPU.Build.0 = Debug|Any CPU
		{7938D2AC-316D-6222-0B75-A21CE331890C}.Release|Any CPU.ActiveCfg = Release|Any CPU
		{7938D2AC-316D-6222-0B75-A21CE331890C}.Release|Any CPU.Build.0 = Release|Any CPU
		{CF8216EA-8F0F-8106-35F1-C293B7F6A4E6}.Debug|Any CPU.ActiveCfg = Debug|Any CPU
		{CF8216EA-8F0F-8106-35F1-C293B7F6A4E6}.Debug|Any CPU.Build.0 = Debug|Any CPU
		{CF8216EA-8F0F-8106-35F1-C293B7F6A4E6}.Release|Any CPU.ActiveCfg = Release|Any CPU
		{CF8216EA-8F0F-8106-35F1-C293B7F6A4E6}.Release|Any CPU.Build.0 = Release|Any CPU
		{1617D479-6FEB-9EC1-F6B2-E9A6DD05765B}.Debug|Any CPU.ActiveCfg = Debug|Any CPU
		{1617D479-6FEB-9EC1-F6B2-E9A6DD05765B}.Debug|Any CPU.Build.0 = Debug|Any CPU
		{1617D479-6FEB-9EC1-F6B2-E9A6DD05765B}.Release|Any CPU.ActiveCfg = Release|Any CPU
		{1617D479-6FEB-9EC1-F6B2-E9A6DD05765B}.Release|Any CPU.Build.0 = Release|Any CPU
	EndGlobalSection
	GlobalSection(SolutionProperties) = preSolution
		HideSolutionNode = FALSE
	EndGlobalSection
																							GlobalSection(MonoDevelopProperties) = preSolution
		StartupItem = Assembly-CSharp.csproj
		Policies = $0
		$0.TextStylePolicy = $1
		$1.inheritsSet = null
		$1.scope = text/x-csharp
		$0.CSharpFormattingPolicy = $2
		$2.inheritsSet = Mono
		$2.inheritsScope = text/x-csharp
		$2.scope = text/x-csharp
		$0.TextStylePolicy = $3
		$3.FileWidth = 120
		$3.TabWidth = 4
		$3.EolMarker = Unix
		$3.inheritsSet = Mono
		$3.inheritsScope = text/plain
		$3.scope = text/plain
	EndGlobalSection

EndGlobal
